
Microsoft Visual Studio Solution File, Format Version 12.00
# Visual Studio 15
VisualStudioVersion = 15.0.27130.2027
MinimumVisualStudioVersion = 10.0.40219.1
Project("{9A19103F-16F7-4668-BE54-9A1E7A4F7556}") = "Assessmentsvc", "Assessmentsvc\Assessmentsvc.csproj", "{3DCE0F29-ED4B-46F4-BC30-830C5336A2D2}"
EndProject
Project("{9A19103F-16F7-4668-BE54-9A1E7A4F7556}") = "Assessmentsvc.Database", "Assessmentsvc.Database\Assessmentsvc.Database.csproj", "{3F97E945-410E-4CB6-8455-D0FC29F50F4F}"
EndProject
Project("{9A19103F-16F7-4668-BE54-9A1E7A4F7556}") = "Assessmentsvc.Database.Entity", "Assessmentsvc.Database.Entity\Assessmentsvc.Database.Entity.csproj", "{67E02F46-FD78-4CC4-83D9-86EB85A0EC36}"
EndProject
Project("{9A19103F-16F7-4668-BE54-9A1E7A4F7556}") = "ExcelHelper", "ExcelHelper\ExcelHelper.csproj", "{58863796-CC99-489F-ADFA-B5A26D2BAB57}"
EndProject
Project("{E53339B2-1760-4266-BCC7-CA923CBCF16C}") = "docker-compose", "docker-compose.dcproj", "{BECF2C40-9224-404F-A850-8686BEC2DEEB}"
EndProject
Global
	GlobalSection(SolutionConfigurationPlatforms) = preSolution
		Debug|Any CPU = Debug|Any CPU
		Release|Any CPU = Release|Any CPU
	EndGlobalSection
	GlobalSection(ProjectConfigurationPlatforms) = postSolution
		{3DCE0F29-ED4B-46F4-BC30-830C5336A2D2}.Debug|Any CPU.ActiveCfg = Debug|Any CPU
		{3DCE0F29-ED4B-46F4-BC30-830C5336A2D2}.Debug|Any CPU.Build.0 = Debug|Any CPU
		{3DCE0F29-ED4B-46F4-BC30-830C5336A2D2}.Release|Any CPU.ActiveCfg = Release|Any CPU
		{3DCE0F29-ED4B-46F4-BC30-830C5336A2D2}.Release|Any CPU.Build.0 = Release|Any CPU
		{3F97E945-410E-4CB6-8455-D0FC29F50F4F}.Debug|Any CPU.ActiveCfg = Debug|Any CPU
		{3F97E945-410E-4CB6-8455-D0FC29F50F4F}.Debug|Any CPU.Build.0 = Debug|Any CPU
		{3F97E945-410E-4CB6-8455-D0FC29F50F4F}.Release|Any CPU.ActiveCfg = Release|Any CPU
		{3F97E945-410E-4CB6-8455-D0FC29F50F4F}.Release|Any CPU.Build.0 = Release|Any CPU
		{67E02F46-FD78-4CC4-83D9-86EB85A0EC36}.Debug|Any CPU.ActiveCfg = Debug|Any CPU
		{67E02F46-FD78-4CC4-83D9-86EB85A0EC36}.Debug|Any CPU.Build.0 = Debug|Any CPU
		{67E02F46-FD78-4CC4-83D9-86EB85A0EC36}.Release|Any CPU.ActiveCfg = Release|Any CPU
		{67E02F46-FD78-4CC4-83D9-86EB85A0EC36}.Release|Any CPU.Build.0 = Release|Any CPU
		{58863796-CC99-489F-ADFA-B5A26D2BAB57}.Debug|Any CPU.ActiveCfg = Debug|Any CPU
		{58863796-CC99-489F-ADFA-B5A26D2BAB57}.Debug|Any CPU.Build.0 = Debug|Any CPU
		{58863796-CC99-489F-ADFA-B5A26D2BAB57}.Release|Any CPU.ActiveCfg = Release|Any CPU
		{58863796-CC99-489F-ADFA-B5A26D2BAB57}.Release|Any CPU.Build.0 = Release|Any CPU
		{BECF2C40-9224-404F-A850-8686BEC2DEEB}.Debug|Any CPU.ActiveCfg = Debug|Any CPU
		{BECF2C40-9224-404F-A850-8686BEC2DEEB}.Debug|Any CPU.Build.0 = Debug|Any CPU
		{BECF2C40-9224-404F-A850-8686BEC2DEEB}.Release|Any CPU.ActiveCfg = Release|Any CPU
		{BECF2C40-9224-404F-A850-8686BEC2DEEB}.Release|Any CPU.Build.0 = Release|Any CPU
	EndGlobalSection
	GlobalSection(SolutionProperties) = preSolution
		HideSolutionNode = FALSE
	EndGlobalSection
	GlobalSection(ExtensibilityGlobals) = postSolution
		SolutionGuid = {0B8B29FB-7404-43B3-B11E-7570B17B1CF0}
	EndGlobalSection
EndGlobal
